{
  "name": "reejs",
  "version": "0.8.0-beta-2",
  "lockfileVersion": 2,
  "requires": true,
  "packages": {
    "": {
      "name": "reejs",
      "version": "0.8.0-beta-2",
      "license": "MIT",
      "bin": {
        "reejs": "src/cli/index.js"
      }
    },
    "../../../../src/imports": {
      "extraneous": true
    }
  }
}
