{
    "name": "reejs",
    "version": "0.9.11",
    "lockfileVersion": 2,
    "requires": true,
    "packages": {
        "": {
            "name": "reejs",
            "version": "0.9.11",
            "license": "MIT",
            "dependencies": {
                "@reejs/imports": "latest",
                "@reejs/server": "latest",
                "@reejs/utils": "latest"
            },
            "bin": {
                "reejs": "src/cli/index.js"
            }
        },
        "../../../../src/imports": {
            "extraneous": true
        },
        "node_modules/@reejs/imports": {
            "version": "2.1.0",
            "resolved": "https://registry.npmjs.org/@reejs/imports/-/imports-2.1.0.tgz",
            "integrity": "sha512-sBX7ndkVs7YLn5vMWJg1ieMUZyyh5qpRnYXCbB1j3TTgBAvwG910iy5eY4UyhxBjsbjFnY9njBhsjYYLuykE9g==",
            "dependencies": {
                "@reejs/utils": "^1.0.0"
            }
        },
        "node_modules/@reejs/server": {
            "version": "0.9.5",
            "resolved": "https://registry.npmjs.org/@reejs/server/-/server-0.9.5.tgz",
            "integrity": "sha512-UH7PHy6N2UrS/gSrsWsbMGX20J4JGMFFbIahU8XKLv/zcQjZCnTgbRKIiA1FlCuVNJwcUL5ftkfDxJWN97I+JA=="
        },
        "node_modules/@reejs/utils": {
            "version": "1.0.0",
            "resolved": "https://registry.npmjs.org/@reejs/utils/-/utils-1.0.0.tgz",
            "integrity": "sha512-j/fbly5aPhTcaA87LipL5be1TgecQYAWBuo7CEWq7nLDCqtApFTV3wT96sCLzYV3oMxN/hUS3x2wmGycl/RWCQ=="
        }
    },
    "dependencies": {
        "@reejs/imports": {
            "version": "2.1.0",
            "resolved": "https://registry.npmjs.org/@reejs/imports/-/imports-2.1.0.tgz",
            "integrity": "sha512-sBX7ndkVs7YLn5vMWJg1ieMUZyyh5qpRnYXCbB1j3TTgBAvwG910iy5eY4UyhxBjsbjFnY9njBhsjYYLuykE9g==",
            "requires": {
                "@reejs/utils": "^1.0.0"
            }
        },
        "@reejs/server": {
            "version": "0.9.5",
            "resolved": "https://registry.npmjs.org/@reejs/server/-/server-0.9.5.tgz",
            "integrity": "sha512-UH7PHy6N2UrS/gSrsWsbMGX20J4JGMFFbIahU8XKLv/zcQjZCnTgbRKIiA1FlCuVNJwcUL5ftkfDxJWN97I+JA=="
        },
        "@reejs/utils": {
            "version": "1.0.0",
            "resolved": "https://registry.npmjs.org/@reejs/utils/-/utils-1.0.0.tgz",
            "integrity": "sha512-j/fbly5aPhTcaA87LipL5be1TgecQYAWBuo7CEWq7nLDCqtApFTV3wT96sCLzYV3oMxN/hUS3x2wmGycl/RWCQ=="
        }
    }
}
