# THIS IS AN AUTOGENERATED FILE. DO NOT EDIT THIS FILE DIRECTLY.
# yarn lockfile v1


"@reejs/imports@*", "@reejs/imports@latest":
  version "2.6.0"
  resolved "https://registry.yarnpkg.com/@reejs/imports/-/imports-2.6.0.tgz#8a2b5bb5d6413d90b140c76c5a1338e7d1d2f92f"
  integrity sha512-oUnjZEIhWZ+mgIdji0LzjrSrFTSPhUMSZv9UBsgdQeznkxgUu3JY4iyjm9S0NUCetoVDQN4YHR/6Z8jS3nM4JQ==
  dependencies:
    "@reejs/utils" latest

"@reejs/server@latest":
  version "0.14.0"
  resolved "https://registry.yarnpkg.com/@reejs/server/-/server-0.14.0.tgz#0a47655faec249ea93cd38cbe0b9c8a6855ec3e2"
  integrity sha512-C1/rDm4it8nfSNJlQEoFPfLyshuB1uH+eRnKFnT0r72LLnD2uOSxh4J4CoBPsmA4fD1nMbnxZGEjK2E5Ik0aVw==

"@reejs/utils@latest":
  version "1.5.0"
  resolved "https://registry.yarnpkg.com/@reejs/utils/-/utils-1.5.0.tgz#2819b6ecf8c9942e23747c54c0e2e9c46f5295db"
  integrity sha512-dI782XH9r9J/be9imEt28/qVpyw07MrVbRTVNJ+EkhpQPS8MCptTODxLUKnH7yiBkfWVcB4ayG2++HMA4MrEfA==
  dependencies:
    "@reejs/imports" "*"

pathe@^1.1.1:
  version "1.1.1"
  resolved "https://registry.yarnpkg.com/pathe/-/pathe-1.1.1.tgz#1dd31d382b974ba69809adc9a7a347e65d84829a"
  integrity sha512-d+RQGp0MAYTIaDBIMmOfMwz3E+LOZnxx1HZd5R18mmCZY0QBlK0LDZfPc8FW8Ed2DlvsuE6PRjroDY+wg4+j/Q==

prettier@^3.0.3:
  version "3.0.3"
  resolved "https://registry.yarnpkg.com/prettier/-/prettier-3.0.3.tgz#432a51f7ba422d1469096c0fdc28e235db8f9643"
  integrity sha512-L/4pUDMxcNa8R/EthV08Zt42WBO4h1rarVtK0K+QJG0X187OLo7l699jWw0GKuwzkPQ//jMFA/8Xm6Fh3J/DAg==
